{
  "nodes": {
    "crane": {
      "inputs": {
        "flake-compat": "flake-compat",
        "flake-utils": "flake-utils",
        "nix-std": "nix-std",
        "nixpkgs": [
          "nixpkgs"
        ]
      },
      "locked": {
        "lastModified": 1653190330,
        "narHash": "sha256-OL+Uyz/DLUdnxa5b+Y3tijM9ZvoLcDexkE8Ijgo+n7I=",
        "owner": "ipetkov",
        "repo": "crane",
        "rev": "8261aaeb8f47958a4f8c11c375a66e0d9a7e8927",
        "type": "github"
      },
      "original": {
        "owner": "ipetkov",
        "repo": "crane",
        "rev": "8261aaeb8f47958a4f8c11c375a66e0d9a7e8927",
        "type": "github"
      }
    },
    "flake-compat": {
      "flake": false,
      "locked": {
        "lastModified": 1650374568,
        "narHash": "sha256-Z+s0J8/r907g149rllvwhb4pKi8Wam5ij0st8PwAh+E=",
        "owner": "edolstra",
        "repo": "flake-compat",
        "rev": "b4a34015c698c7793d592d66adbab377907a2be8",
        "type": "github"
      },
      "original": {
        "owner": "edolstra",
        "repo": "flake-compat",
        "type": "github"
      }
    },
    "flake-utils": {
      "locked": {
        "lastModified": 1649676176,
        "narHash": "sha256-OWKJratjt2RW151VUlJPRALb7OU2S5s+f0vLj4o1bHM=",
        "owner": "numtide",
        "repo": "flake-utils",
        "rev": "a4b154ebbdc88c8498a5c7b01589addc9e9cb678",
        "type": "github"
      },
      "original": {
        "owner": "numtide",
        "repo": "flake-utils",
        "type": "github"
      }
    },
    "nix-std": {
      "locked": {
        "lastModified": 1647625366,
        "narHash": "sha256-jR4tpiQDs4GNJC6MzfrNyOFIhVH3o203qR+YNB++GYo=",
        "owner": "chessai",
        "repo": "nix-std",
        "rev": "8b8d32582e298da2c15b4c13ca48ba7994ef96df",
        "type": "github"
      },
      "original": {
        "owner": "chessai",
        "repo": "nix-std",
        "type": "github"
      }
    },
    "nixpkgs": {
      "locked": {
        "lastModified": 1656007306,
        "narHash": "sha256-MsC44YZ6wuBwn5Bu8T+RVoQWlp2l5BR6hhmNoAAHIEw=",
        "owner": "NixOS",
        "repo": "nixpkgs",
        "rev": "ccf8bdf72624521358be6bb7d9b524c4cbcf7aff",
        "type": "github"
      },
      "original": {
        "owner": "NixOS",
        "ref": "nixos-22.05",
        "repo": "nixpkgs",
        "type": "github"
      }
    },
    "py-utils": {
      "locked": {
        "lastModified": 1644413372,
        "narHash": "sha256-rhdXGpPo+w5unxTyknBlRohjUunjipkMNQDhRhdvCwI=",
        "owner": "rmcgibbo",
        "repo": "python-flake-utils",
        "rev": "e4e662353fef10c37b3300b6a35eae3a234b74f4",
        "type": "github"
      },
      "original": {
        "owner": "rmcgibbo",
        "repo": "python-flake-utils",
        "type": "github"
      }
    },
    "root": {
      "inputs": {
        "crane": "crane",
        "nixpkgs": "nixpkgs",
        "py-utils": "py-utils",
        "utils": "utils"
      }
    },
    "utils": {
      "locked": {
        "lastModified": 1656065134,
        "narHash": "sha256-oc6E6ByIw3oJaIyc67maaFcnjYOz1mMcOtHxbEf9NwQ=",
        "owner": "numtide",
        "repo": "flake-utils",
        "rev": "bee6a7250dd1b01844a2de7e02e4df7d8a0a206c",
        "type": "github"
      },
      "original": {
        "owner": "numtide",
        "repo": "flake-utils",
        "type": "github"
      }
    }
  },
  "root": "root",
  "version": 7
}
